
Microsoft Visual Studio Solution File, Format Version 12.00
# Visual Studio 15
VisualStudioVersion = 15.0.28307.329
MinimumVisualStudioVersion = 10.0.40219.1
Project("{FAE04EC0-301F-11D3-BF4B-00C04F79EFBC}") = "ConsoleDisplayMenu", "ConsoleDisplayMenu.csproj", "{94342D09-115B-429A-9329-0369AFA45E88}"
EndProject
Project("{FAE04EC0-301F-11D3-BF4B-00C04F79EFBC}") = "CDM_run", "..\CDM_run\CDM_run.csproj", "{FA775DD8-0D13-445A-AFAE-80F4CF090F4B}"
EndProject
Project("{FAE04EC0-301F-11D3-BF4B-00C04F79EFBC}") = "RuntimeCompile", "..\RuntimeCompile\RuntimeCompile.csproj", "{DBDCE98C-1E8C-4B9B-A8E9-BA73C0B48A79}"
EndProject
Project("{FAE04EC0-301F-11D3-BF4B-00C04F79EFBC}") = "UnitTests", "..\UnitTests\UnitTests.csproj", "{E240F760-6E41-4CC0-9E42-0118596E4398}"
EndProject
Global
	GlobalSection(SolutionConfigurationPlatforms) = preSolution
		Debug|Any CPU = Debug|Any CPU
		Release|Any CPU = Release|Any CPU
	EndGlobalSection
	GlobalSection(ProjectConfigurationPlatforms) = postSolution
		{94342D09-115B-429A-9329-0369AFA45E88}.Debug|Any CPU.ActiveCfg = Debug|Any CPU
		{94342D09-115B-429A-9329-0369AFA45E88}.Debug|Any CPU.Build.0 = Debug|Any CPU
		{94342D09-115B-429A-9329-0369AFA45E88}.Release|Any CPU.ActiveCfg = Release|Any CPU
		{94342D09-115B-429A-9329-0369AFA45E88}.Release|Any CPU.Build.0 = Release|Any CPU
		{FA775DD8-0D13-445A-AFAE-80F4CF090F4B}.Debug|Any CPU.ActiveCfg = Debug|Any CPU
		{FA775DD8-0D13-445A-AFAE-80F4CF090F4B}.Debug|Any CPU.Build.0 = Debug|Any CPU
		{FA775DD8-0D13-445A-AFAE-80F4CF090F4B}.Release|Any CPU.ActiveCfg = Release|Any CPU
		{FA775DD8-0D13-445A-AFAE-80F4CF090F4B}.Release|Any CPU.Build.0 = Release|Any CPU
		{DBDCE98C-1E8C-4B9B-A8E9-BA73C0B48A79}.Debug|Any CPU.ActiveCfg = Debug|Any CPU
		{DBDCE98C-1E8C-4B9B-A8E9-BA73C0B48A79}.Debug|Any CPU.Build.0 = Debug|Any CPU
		{DBDCE98C-1E8C-4B9B-A8E9-BA73C0B48A79}.Release|Any CPU.ActiveCfg = Release|Any CPU
		{DBDCE98C-1E8C-4B9B-A8E9-BA73C0B48A79}.Release|Any CPU.Build.0 = Release|Any CPU
		{E240F760-6E41-4CC0-9E42-0118596E4398}.Debug|Any CPU.ActiveCfg = Debug|Any CPU
		{E240F760-6E41-4CC0-9E42-0118596E4398}.Debug|Any CPU.Build.0 = Debug|Any CPU
		{E240F760-6E41-4CC0-9E42-0118596E4398}.Release|Any CPU.ActiveCfg = Release|Any CPU
		{E240F760-6E41-4CC0-9E42-0118596E4398}.Release|Any CPU.Build.0 = Release|Any CPU
	EndGlobalSection
	GlobalSection(SolutionProperties) = preSolution
		HideSolutionNode = FALSE
	EndGlobalSection
	GlobalSection(ExtensibilityGlobals) = postSolution
		SolutionGuid = {A1F3E5A0-842E-4E7F-B6CF-73C220C4E3C7}
	EndGlobalSection
EndGlobal
